
Microsoft Visual Studio Solution File, Format Version 12.00
# Visual Studio Version 16
VisualStudioVersion = 16.0.30621.155
MinimumVisualStudioVersion = 10.0.40219.1
Project("{FAE04EC0-301F-11D3-BF4B-00C04F79EFBC}") = "ConsoleApp2", "ConsoleApp2\ConsoleApp2.csproj", "{A1FE6FBA-26B6-4037-91D7-3EEA307EB346}"
EndProject
Global
	GlobalSection(SolutionConfigurationPlatforms) = preSolution
		Debug|Any CPU = Debug|Any CPU
		Release|Any CPU = Release|Any CPU
	EndGlobalSection
	GlobalSection(ProjectConfigurationPlatforms) = postSolution
		{A1FE6FBA-26B6-4037-91D7-3EEA307EB346}.Debug|Any CPU.ActiveCfg = Debug|Any CPU
		{A1FE6FBA-26B6-4037-91D7-3EEA307EB346}.Debug|Any CPU.Build.0 = Debug|Any CPU
		{A1FE6FBA-26B6-4037-91D7-3EEA307EB346}.Release|Any CPU.ActiveCfg = Release|Any CPU
		{A1FE6FBA-26B6-4037-91D7-3EEA307EB346}.Release|Any CPU.Build.0 = Release|Any CPU
	EndGlobalSection
	GlobalSection(SolutionProperties) = preSolution
		HideSolutionNode = FALSE
	EndGlobalSection
	GlobalSection(ExtensibilityGlobals) = postSolution
		SolutionGuid = {A8C61E69-938A-411B-A937-DA642EADABC5}
	EndGlobalSection
EndGlobal
